
Microsoft Visual Studio Solution File, Format Version 12.00
# Visual Studio 2012
Project("{FAE04EC0-301F-11D3-BF4B-00C04F79EFBC}") = "MyProject", "MyProject\MyProject.csproj", "{6962C927-1852-46CE-9823-8807EE2626F3}"
EndProject
Project("{FAE04EC0-301F-11D3-BF4B-00C04F79EFBC}") = "MyProject.Core", "MyProject.Core\MyProject.Core.csproj", "{CCBB87D3-06A8-4675-B511-39FF4D21D527}"
EndProject
Project("{FAE04EC0-301F-11D3-BF4B-00C04F79EFBC}") = "MyProject.Data", "MyProject.Data\MyProject.Data.csproj", "{E3E4E9BB-73F2-430F-8B5B-98354C5FC468}"
EndProject
Project("{FAE04EC0-301F-11D3-BF4B-00C04F79EFBC}") = "MyProject.Task", "MyProject.Task\MyProject.Task.csproj", "{4D11BD71-374B-418F-9571-DC525440896B}"
EndProject
Project("{FAE04EC0-301F-11D3-BF4B-00C04F79EFBC}") = "MyProject.Services", "MyProject.Services\MyProject.Services.csproj", "{61BA4F81-97A1-4A51-B88E-A3A9629F09AA}"
EndProject
Project("{FAE04EC0-301F-11D3-BF4B-00C04F79EFBC}") = "MyProject.Web", "MyProject.Web\MyProject.Web.csproj", "{CA15EFE4-3CFF-45D3-BF2C-E1D445408FBC}"
EndProject
Project("{FAE04EC0-301F-11D3-BF4B-00C04F79EFBC}") = "MyProject.Matrix", "MyProject.Matrix\MyProject.Matrix.csproj", "{4E773852-8F0B-4FCE-BD6A-4A7B7405C095}"
EndProject
Global
	GlobalSection(SolutionConfigurationPlatforms) = preSolution
		Debug|Any CPU = Debug|Any CPU
		Release|Any CPU = Release|Any CPU
	EndGlobalSection
	GlobalSection(ProjectConfigurationPlatforms) = postSolution
		{6962C927-1852-46CE-9823-8807EE2626F3}.Debug|Any CPU.ActiveCfg = Debug|Any CPU
		{6962C927-1852-46CE-9823-8807EE2626F3}.Debug|Any CPU.Build.0 = Debug|Any CPU
		{6962C927-1852-46CE-9823-8807EE2626F3}.Release|Any CPU.ActiveCfg = Release|Any CPU
		{6962C927-1852-46CE-9823-8807EE2626F3}.Release|Any CPU.Build.0 = Release|Any CPU
		{CCBB87D3-06A8-4675-B511-39FF4D21D527}.Debug|Any CPU.ActiveCfg = Debug|Any CPU
		{CCBB87D3-06A8-4675-B511-39FF4D21D527}.Debug|Any CPU.Build.0 = Debug|Any CPU
		{CCBB87D3-06A8-4675-B511-39FF4D21D527}.Release|Any CPU.ActiveCfg = Release|Any CPU
		{CCBB87D3-06A8-4675-B511-39FF4D21D527}.Release|Any CPU.Build.0 = Release|Any CPU
		{E3E4E9BB-73F2-430F-8B5B-98354C5FC468}.Debug|Any CPU.ActiveCfg = Debug|Any CPU
		{E3E4E9BB-73F2-430F-8B5B-98354C5FC468}.Debug|Any CPU.Build.0 = Debug|Any CPU
		{E3E4E9BB-73F2-430F-8B5B-98354C5FC468}.Release|Any CPU.ActiveCfg = Release|Any CPU
		{E3E4E9BB-73F2-430F-8B5B-98354C5FC468}.Release|Any CPU.Build.0 = Release|Any CPU
		{4D11BD71-374B-418F-9571-DC525440896B}.Debug|Any CPU.ActiveCfg = Debug|Any CPU
		{4D11BD71-374B-418F-9571-DC525440896B}.Debug|Any CPU.Build.0 = Debug|Any CPU
		{4D11BD71-374B-418F-9571-DC525440896B}.Release|Any CPU.ActiveCfg = Release|Any CPU
		{4D11BD71-374B-418F-9571-DC525440896B}.Release|Any CPU.Build.0 = Release|Any CPU
		{61BA4F81-97A1-4A51-B88E-A3A9629F09AA}.Debug|Any CPU.ActiveCfg = Debug|Any CPU
		{61BA4F81-97A1-4A51-B88E-A3A9629F09AA}.Debug|Any CPU.Build.0 = Debug|Any CPU
		{61BA4F81-97A1-4A51-B88E-A3A9629F09AA}.Release|Any CPU.ActiveCfg = Release|Any CPU
		{61BA4F81-97A1-4A51-B88E-A3A9629F09AA}.Release|Any CPU.Build.0 = Release|Any CPU
		{CA15EFE4-3CFF-45D3-BF2C-E1D445408FBC}.Debug|Any CPU.ActiveCfg = Debug|Any CPU
		{CA15EFE4-3CFF-45D3-BF2C-E1D445408FBC}.Debug|Any CPU.Build.0 = Debug|Any CPU
		{CA15EFE4-3CFF-45D3-BF2C-E1D445408FBC}.Release|Any CPU.ActiveCfg = Release|Any CPU
		{CA15EFE4-3CFF-45D3-BF2C-E1D445408FBC}.Release|Any CPU.Build.0 = Release|Any CPU
		{4E773852-8F0B-4FCE-BD6A-4A7B7405C095}.Debug|Any CPU.ActiveCfg = Debug|Any CPU
		{4E773852-8F0B-4FCE-BD6A-4A7B7405C095}.Debug|Any CPU.Build.0 = Debug|Any CPU
		{4E773852-8F0B-4FCE-BD6A-4A7B7405C095}.Release|Any CPU.ActiveCfg = Release|Any CPU
		{4E773852-8F0B-4FCE-BD6A-4A7B7405C095}.Release|Any CPU.Build.0 = Release|Any CPU
	EndGlobalSection
	GlobalSection(SolutionProperties) = preSolution
		HideSolutionNode = FALSE
	EndGlobalSection
EndGlobal
